
Microsoft Visual Studio Solution File, Format Version 12.00
# Visual Studio Version 17
VisualStudioVersion = 17.7.34202.233
MinimumVisualStudioVersion = 10.0.40219.1
Project("{FAE04EC0-301F-11D3-BF4B-00C04F79EFBC}") = "Inlämningsuppgift5.1C-A", "Inlämningsuppgift5.1C-A\Inlämningsuppgift5.1C-A.csproj", "{4A8AF56B-BF79-4436-8FEB-DC0FAF5FA10B}"
EndProject
Global
	GlobalSection(SolutionConfigurationPlatforms) = preSolution
		Debug|Any CPU = Debug|Any CPU
		Release|Any CPU = Release|Any CPU
	EndGlobalSection
	GlobalSection(ProjectConfigurationPlatforms) = postSolution
		{4A8AF56B-BF79-4436-8FEB-DC0FAF5FA10B}.Debug|Any CPU.ActiveCfg = Debug|Any CPU
		{4A8AF56B-BF79-4436-8FEB-DC0FAF5FA10B}.Debug|Any CPU.Build.0 = Debug|Any CPU
		{4A8AF56B-BF79-4436-8FEB-DC0FAF5FA10B}.Release|Any CPU.ActiveCfg = Release|Any CPU
		{4A8AF56B-BF79-4436-8FEB-DC0FAF5FA10B}.Release|Any CPU.Build.0 = Release|Any CPU
	EndGlobalSection
	GlobalSection(SolutionProperties) = preSolution
		HideSolutionNode = FALSE
	EndGlobalSection
	GlobalSection(ExtensibilityGlobals) = postSolution
		SolutionGuid = {CC72D845-A63C-4731-A989-D70D34FBD824}
	EndGlobalSection
EndGlobal
